
Microsoft Visual Studio Solution File, Format Version 12.00
# Visual Studio Version 17
VisualStudioVersion = 17.1.32210.238
MinimumVisualStudioVersion = 10.0.40219.1
Project("{9A19103F-16F7-4668-BE54-9A1E7A4F7556}") = "OrderSystemPlus", "OrderSystemPlus\OrderSystemPlus.csproj", "{51FF16A9-0FE7-407D-8887-7CF2F10B62CE}"
EndProject
Project("{00D1A9C2-B5F0-4AF3-8072-F6C62B433612}") = "Database", "Database\Database.sqlproj", "{C8A252DB-30DC-4494-94E6-3337A3A62076}"
EndProject
Project("{FAE04EC0-301F-11D3-BF4B-00C04F79EFBC}") = "OrderSystemPlusTest", "OrderSystemPlusTest\OrderSystemPlusTest.csproj", "{F2CE37AF-94E1-4615-B7BE-4E2A684B138A}"
EndProject
Global
	GlobalSection(SolutionConfigurationPlatforms) = preSolution
		Debug|Any CPU = Debug|Any CPU
		Release|Any CPU = Release|Any CPU
	EndGlobalSection
	GlobalSection(ProjectConfigurationPlatforms) = postSolution
		{51FF16A9-0FE7-407D-8887-7CF2F10B62CE}.Debug|Any CPU.ActiveCfg = Debug|Any CPU
		{51FF16A9-0FE7-407D-8887-7CF2F10B62CE}.Debug|Any CPU.Build.0 = Debug|Any CPU
		{51FF16A9-0FE7-407D-8887-7CF2F10B62CE}.Release|Any CPU.ActiveCfg = Release|Any CPU
		{51FF16A9-0FE7-407D-8887-7CF2F10B62CE}.Release|Any CPU.Build.0 = Release|Any CPU
		{C8A252DB-30DC-4494-94E6-3337A3A62076}.Debug|Any CPU.ActiveCfg = Debug|Any CPU
		{C8A252DB-30DC-4494-94E6-3337A3A62076}.Debug|Any CPU.Build.0 = Debug|Any CPU
		{C8A252DB-30DC-4494-94E6-3337A3A62076}.Debug|Any CPU.Deploy.0 = Debug|Any CPU
		{C8A252DB-30DC-4494-94E6-3337A3A62076}.Release|Any CPU.ActiveCfg = Release|Any CPU
		{C8A252DB-30DC-4494-94E6-3337A3A62076}.Release|Any CPU.Build.0 = Release|Any CPU
		{C8A252DB-30DC-4494-94E6-3337A3A62076}.Release|Any CPU.Deploy.0 = Release|Any CPU
		{F2CE37AF-94E1-4615-B7BE-4E2A684B138A}.Debug|Any CPU.ActiveCfg = Debug|Any CPU
		{F2CE37AF-94E1-4615-B7BE-4E2A684B138A}.Debug|Any CPU.Build.0 = Debug|Any CPU
		{F2CE37AF-94E1-4615-B7BE-4E2A684B138A}.Release|Any CPU.ActiveCfg = Release|Any CPU
		{F2CE37AF-94E1-4615-B7BE-4E2A684B138A}.Release|Any CPU.Build.0 = Release|Any CPU
	EndGlobalSection
	GlobalSection(SolutionProperties) = preSolution
		HideSolutionNode = FALSE
	EndGlobalSection
	GlobalSection(ExtensibilityGlobals) = postSolution
		SolutionGuid = {A202B078-AA9F-4033-9EAB-C5CB55BB2B6F}
	EndGlobalSection
EndGlobal
